// !$*UTF8*$!
{
	archiveVersion = 1;
	classes = {
	};
	objectVersion = 46;
	objects = {

/* Begin PBXBuildFile section */
		BC3E86E91D90F82A005550DC /* AppDelegate.swift in Sources */ = {isa = PBXBuildFile; fileRef = BC3E86E81D90F82A005550DC /* AppDelegate.swift */; };
		BC3E86EB1D90F82A005550DC /* ViewController.swift in Sources */ = {isa = PBXBuildFile; fileRef = BC3E86EA1D90F82A005550DC /* ViewController.swift */; };
		BC3E86EE1D90F82A005550DC /* Main.storyboard in Resources */ = {isa = PBXBuildFile; fileRef = BC3E86EC1D90F82A005550DC /* Main.storyboard */; };
		BC3E86F01D90F82A005550DC /* Assets.xcassets in Resources */ = {isa = PBXBuildFile; fileRef = BC3E86EF1D90F82A005550DC /* Assets.xcassets */; };
		BC3E86F31D90F82A005550DC /* LaunchScreen.storyboard in Resources */ = {isa = PBXBuildFile; fileRef = BC3E86F11D90F82A005550DC /* LaunchScreen.storyboard */; };
/* End PBXBuildFile section */

/* Begin PBXFileReference section */
		BC3E86E51D90F82A005550DC /* xqj.app */ = {isa = PBXFileReference; explicitFileType = wrapper.application; includeInIndex = 0; path = xqj.app; sourceTree = BUILT_PRODUCTS_DIR; };
		BC3E86E81D90F82A005550DC /* AppDelegate.swift */ = {isa = PBXFileReference; lastKnownFileType = sourcecode.swift; path = AppDelegate.swift; sourceTree = "<group>"; };
		BC3E86EA1D90F82A005550DC /* ViewController.swift */ = {isa = PBXFileReference; lastKnownFileType = sourcecode.swift; path = ViewController.swift; sourceTree = "<group>"; };
		BC3E86ED1D90F82A005550DC /* Base */ = {isa = PBXFileReference; lastKnownFileType = file.storyboard; name = Base; path = Base.lproj/Main.storyboard; sourceTree = "<group>"; };
		BC3E86EF1D90F82A005550DC /* Assets.xcassets */ = {isa = PBXFileReference; lastKnownFileType = folder.assetcatalog; path = Assets.xcassets; sourceTree = "<group>"; };
		BC3E86F21D90F82A005550DC /* Base */ = {isa = PBXFileReference; lastKnownFileType = file.storyboard; name = Base; path = Base.lproj/LaunchScreen.storyboard; sourceTree = "<group>"; };
		BC3E86F41D90F82A005550DC /* Info.plist */ = {isa = PBXFileReference; lastKnownFileType = text.plist.xml; path = Info.plist; sourceTree = "<group>"; };
/* End PBXFileReference section */

/* Begin PBXFrameworksBuildPhase section */
		BC3E86E21D90F82A005550DC /* Frameworks */ = {
			isa = PBXFrameworksBuildPhase;
			buildActionMask = 2147483647;
			files = (
			);
			runOnlyForDeploymentPostprocessing = 0;
		};
/* End PBXFrameworksBuildPhase section */

/* Begin PBXGroup section */
		BC3E86DC1D90F82A005550DC = {
			isa = PBXGroup;
			children = (
				BC3E86E71D90F82A005550DC /* xqj */,
				BC3E86E61D90F82A005550DC /* Products */,
			);
			sourceTree = "<group>";
		};
		BC3E86E61D90F82A005550DC /* Products */ = {
			isa = PBXGroup;
			children = (
				BC3E86E51D90F82A005550DC /* xqj.app */,
			);
			name = Products;
			sourceTree = "<group>";
		};
		BC3E86E71D90F82A005550DC /* xqj */ = {
			isa = PBXGroup;
			children = (
				BC3E86E81D90F82A005550DC /* AppDelegate.swift */,
				BC3E86EA1D90F82A005550DC /* ViewController.swift */,
				BC3E86EC1D90F82A005550DC /* Main.storyboard */,
				BC3E86EF1D90F82A005550DC /* Assets.xcassets */,
				BC3E86F11D90F82A005550DC /* LaunchScreen.storyboard */,
				BC3E86F41D90F82A005550DC /* Info.plist */,
			);
			path = xqj;
			sourceTree = "<group>";
		};
/* End PBXGroup section */

/* Begin PBXNativeTarget section */
		BC3E86E41D90F82A005550DC /* xqj */ = {
			isa = PBXNativeTarget;
			buildConfigurationList = BC3E86F71D90F82A005550DC /* Build configuration list for PBXNativeTarget "xqj" */;
			buildPhases = (
				BC3E86E11D90F82A005550DC /* Sources */,
				BC3E86E21D90F82A005550DC /* Frameworks */,
				BC3E86E31D90F82A005550DC /* Resources */,
			);
			buildRules = (
			);
			dependencies = (
			);
			name = xqj;
			productName = xqj;
			productReference = BC3E86E51D90F82A005550DC /* xqj.app */;
			productType = "com.apple.product-type.application";
		};
/* End PBXNativeTarget section */

/* Begin PBXProject section */
		BC3E86DD1D90F82A005550DC /* Project object */ = {
			isa = PBXProject;
			attributes = {
				LastSwiftUpdateCheck = 0730;
				LastUpgradeCheck = 0730;
				ORGANIZATIONNAME = XQJ;
				TargetAttributes = {
					BC3E86E41D90F82A005550DC = {
						CreatedOnToolsVersion = 7.3.1;
					};
				};
			};
			buildConfigurationList = BC3E86E01D90F82A005550DC /* Build configuration list for PBXProject "xqj" */;
			compatibilityVersion = "Xcode 3.2";
			developmentRegion = English;
			hasScannedForEncodings = 0;
			knownRegions = (
				en,
				Base,
			);
			mainGroup = BC3E86DC1D90F82A005550DC;
			productRefGroup = BC3E86E61D90F82A005550DC /* Products */;
			projectDirPath = "";
			projectRoot = "";
			targets = (
				BC3E86E41D90F82A005550DC /* xqj */,
			);
		};
/* End PBXProject section */

/* Begin PBXResourcesBuildPhase section */
		BC3E86E31D90F82A005550DC /* Resources */ = {
			isa = PBXResourcesBuildPhase;
			buildActionMask = 2147483647;
			files = (
				BC3E86F31D90F82A005550DC /* LaunchScreen.storyboard in Resources */,
				BC3E86F01D90F82A005550DC /* Assets.xcassets in Resources */,
				BC3E86EE1D90F82A005550DC /* Main.storyboard in Resources */,
			);
			runOnlyForDeploymentPostprocessing = 0;
		};
/* End PBXResourcesBuildPhase section */

/* Begin PBXSourcesBuildPhase section */
		BC3E86E11D90F82A005550DC /* Sources */ = {
			isa = PBXSourcesBuildPhase;
			buildActionMask = 2147483647;
			files = (
				BC3E86EB1D90F82A005550DC /* ViewController.swift in Sources */,
				BC3E86E91D90F82A005550DC /* AppDelegate.swift in Sources */,
			);
			runOnlyForDeploymentPostprocessing = 0;
		};
/* End PBXSourcesBuildPhase section */

/* Begin PBXVariantGroup section */
		BC3E86EC1D90F82A005550DC /* Main.storyboard */ = {
			isa = PBXVariantGroup;
			children = (
				BC3E86ED1D90F82A005550DC /* Base */,
			);
			name = Main.storyboard;
			sourceTree = "<group>";
		};
		BC3E86F11D90F82A005550DC /* LaunchScreen.storyboard */ = {
			isa = PBXVariantGroup;
			children = (
				BC3E86F21D90F82A005550DC /* Base */,
			);
			name = LaunchScreen.storyboard;
			sourceTree = "<group>";
		};
/* End PBXVariantGroup section */

/* Begin XCBuildConfiguration section */
		BC3E86F51D90F82A005550DC /* Debug */ = {
			isa = XCBuildConfiguration;
			buildSettings = {
				ALWAYS_SEARCH_USER_PATHS = NO;
				CLANG_ANALYZER_NONNULL = YES;
				CLANG_CXX_LANGUAGE_STANDARD = "gnu++0x";
				CLANG_CXX_LIBRARY = "libc++";
				CLANG_ENABLE_MODULES = YES;
				CLANG_ENABLE_OBJC_ARC = YES;
				CLANG_WARN_BOOL_CONVERSION = YES;
				CLANG_WARN_CONSTANT_CONVERSION = YES;
				CLANG_WARN_DIRECT_OBJC_ISA_USAGE = YES_ERROR;
				CLANG_WARN_EMPTY_BODY = YES;
				CLANG_WARN_ENUM_CONVERSION = YES;
				CLANG_WARN_INT_CONVERSION = YES;
				CLANG_WARN_OBJC_ROOT_CLASS = YES_ERROR;
				CLANG_WARN_UNREACHABLE_CODE = YES;
				CLANG_WARN__DUPLICATE_METHOD_MATCH = YES;
				"CODE_SIGN_IDENTITY[sdk=iphoneos*]" = "iPhone Developer";
				COPY_PHASE_STRIP = NO;
				DEBUG_INFORMATION_FORMAT = dwarf;
				ENABLE_STRICT_OBJC_MSGSEND = YES;
				ENABLE_TESTABILITY = YES;
				GCC_C_LANGUAGE_STANDARD = gnu99;
				GCC_DYNAMIC_NO_PIC = NO;
				GCC_NO_COMMON_BLOCKS = YES;
				GCC_OPTIMIZATION_LEVEL = 0;
				GCC_PREPROCESSOR_DEFINITIONS = (
					"DEBUG=1",
					"$(inherited)",
				);
				GCC_WARN_64_TO_32_BIT_CONVERSION = YES;
				GCC_WARN_ABOUT_RETURN_TYPE = YES_ERROR;
				GCC_WARN_UNDECLARED_SELECTOR = YES;
				GCC_WARN_UNINITIALIZED_AUTOS = YES_AGGRESSIVE;
				GCC_WARN_UNUSED_FUNCTION = YES;
				GCC_WARN_UNUSED_VARIABLE = YES;
				IPHONEOS_DEPLOYMENT_TARGET = 9.3;
				MTL_ENABLE_DEBUG_INFO = YES;
				ONLY_ACTIVE_ARCH = YES;
				SDKROOT = iphoneos;
				SWIFT_OPTIMIZATION_LEVEL = "-Onone";
			};
			name = Debug;
		};
		BC3E86F61D90F82A005550DC /* Release */ = {
			isa = XCBuildConfiguration;
			buildSettings = {
				ALWAYS_SEARCH_USER_PATHS = NO;
				CLANG_ANALYZER_NONNULL = YES;
				CLANG_CXX_LANGUAGE_STANDARD = "gnu++0x";
				CLANG_CXX_LIBRARY = "libc++";
				CLANG_ENABLE_MODULES = YES;
				CLANG_ENABLE_OBJC_ARC = YES;
				CLANG_WARN_BOOL_CONVERSION = YES;
				CLANG_WARN_CONSTANT_CONVERSION = YES;
				CLANG_WARN_DIRECT_OBJC_ISA_USAGE = YES_ERROR;
				CLANG_WARN_EMPTY_BODY = YES;
				CLANG_WARN_ENUM_CONVERSION = YES;
				CLANG_WARN_INT_CONVERSION = YES;
				CLANG_WARN_OBJC_ROOT_CLASS = YES_ERROR;
				CLANG_WARN_UNREACHABLE_CODE = YES;
				CLANG_WARN__DUPLICATE_METHOD_MATCH = YES;
				"CODE_SIGN_IDENTITY[sdk=iphoneos*]" = "iPhone Developer";
				COPY_PHASE_STRIP = NO;
				DEBUG_INFORMATION_FORMAT = "dwarf-with-dsym";
				ENABLE_NS_ASSERTIONS = NO;
				ENABLE_STRICT_OBJC_MSGSEND = YES;
				GCC_C_LANGUAGE_STANDARD = gnu99;
				GCC_NO_COMMON_BLOCKS = YES;
				GCC_WARN_64_TO_32_BIT_CONVERSION = YES;
				GCC_WARN_ABOUT_RETURN_TYPE = YES_ERROR;
				GCC_WARN_UNDECLARED_SELECTOR = YES;
				GCC_WARN_UNINITIALIZED_AUTOS = YES_AGGRESSIVE;
				GCC_WARN_UNUSED_FUNCTION = YES;
				GCC_WARN_UNUSED_VARIABLE = YES;
				IPHONEOS_DEPLOYMENT_TARGET = 9.3;
				MTL_ENABLE_DEBUG_INFO = NO;
				SDKROOT = iphoneos;
				VALIDATE_PRODUCT = YES;
			};
			name = Release;
		};
		BC3E86F81D90F82A005550DC /* Debug */ = {
			isa = XCBuildConfiguration;
			buildSettings = {
				ASSETCATALOG_COMPILER_APPICON_NAME = AppIcon;
				INFOPLIST_FILE = xqj/Info.plist;
				LD_RUNPATH_SEARCH_PATHS = "$(inherited) @executable_path/Frameworks";
				PRODUCT_BUNDLE_IDENTIFIER = com.qianfeng.xqj;
				PRODUCT_NAME = "$(TARGET_NAME)";
			};
			name = Debug;
		};
		BC3E86F91D90F82A005550DC /* Release */ = {
			isa = XCBuildConfiguration;
			buildSettings = {
				ASSETCATALOG_COMPILER_APPICON_NAME = AppIcon;
				INFOPLIST_FILE = xqj/Info.plist;
				LD_RUNPATH_SEARCH_PATHS = "$(inherited) @executable_path/Frameworks";
				PRODUCT_BUNDLE_IDENTIFIER = com.qianfeng.xqj;
				PRODUCT_NAME = "$(TARGET_NAME)";
			};
			name = Release;
		};
/* End XCBuildConfiguration section */

/* Begin XCConfigurationList section */
		BC3E86E01D90F82A005550DC /* Build configuration list for PBXProject "xqj" */ = {
			isa = XCConfigurationList;
			buildConfigurations = (
				BC3E86F51D90F82A005550DC /* Debug */,
				BC3E86F61D90F82A005550DC /* Release */,
			);
			defaultConfigurationIsVisible = 0;
			defaultConfigurationName = Release;
		};
		BC3E86F71D90F82A005550DC /* Build configuration list for PBXNativeTarget "xqj" */ = {
			isa = XCConfigurationList;
			buildConfigurations = (
				BC3E86F81D90F82A005550DC /* Debug */,
				BC3E86F91D90F82A005550DC /* Release */,
			);
			defaultConfigurationIsVisible = 0;
		};
/* End XCConfigurationList section */
	};
	rootObject = BC3E86DD1D90F82A005550DC /* Project object */;
}
